<?xml version="1.0" encoding="utf-8"?>
<Project ToolsVersion="4.0" xmlns="http://schemas.microsoft.com/developer/msbuild/2003">
  <ItemGroup>
    <Filter Include="Source Files">
      <UniqueIdentifier>{4FC737F1-C7A5-4376-A066-2A32D752A2FF}</UniqueIdentifier>
      <Extensions>cpp;c;cc;cxx;def;odl;idl;hpj;bat;asm;asmx</Extensions>
    </Filter>
    <Filter Include="Header Files">
      <UniqueIdentifier>{93995380-89BD-4b04-88EB-625FBE52EBFB}</UniqueIdentifier>
      <Extensions>h;hh;hpp;hxx;hm;inl;inc;ipp;xsd</Extensions>
    </Filter>
    <Filter Include="Resource Files">
      <UniqueIdentifier>{67DA6AB6-F800-4c08-8B7A-83BB121AAD01}</UniqueIdentifier>
      <Extensions>rc;ico;cur;bmp;dlg;rc2;rct;bin;rgs;gif;jpg;jpeg;jpe;resx;tiff;tif;png;wav;mfcribbon-ms</Extensions>
    </Filter>
    <Filter Include="mf">
      <UniqueIdentifier>{340616ec-d92d-4c10-941e-7c0f4bfc8738}</UniqueIdentifier>
    </Filter>
  </ItemGroup>
  <ItemGroup>
    <ClInclude Include="include\mf_class_factory.h">
      <Filter>Header Files</Filter>
    </ClInclude>
    <ClInclude Include="include\mf_merge_transform_activate.h">
      <Filter>Header Files</Filter>
    </ClInclude>
    <ClInclude Include="..\..\base\include\mf_async_callback.h">
      <Filter>mf</Filter>
    </ClInclude>
    <ClInclude Include="..\..\base\include\mf_async_operation.h">
      <Filter>mf</Filter>
    </ClInclude>
    <ClInclude Include="..\..\base\include\mf_base.h">
      <Filter>mf</Filter>
    </ClInclude>
    <ClInclude Include="..\..\base\include\mf_buffer.h">
      <Filter>mf</Filter>
    </ClInclude>
    <ClInclude Include="..\..\base\include\mf_critical_section.h">
      <Filter>mf</Filter>
    </ClInclude>
    <ClInclude Include="..\..\base\include\mf_growable_array.h">
      <Filter>mf</Filter>
    </ClInclude>
    <ClInclude Include="..\..\base\include\mf_linked_list.h">
      <Filter>mf</Filter>
    </ClInclude>
    <ClInclude Include="..\..\base\include\mf_refcount_object.h">
      <Filter>mf</Filter>
    </ClInclude>
    <ClInclude Include="..\..\base\include\mf_registry.h">
      <Filter>mf</Filter>
    </ClInclude>
    <ClInclude Include="..\..\base\include\mf_tiny_map.h">
      <Filter>mf</Filter>
    </ClInclude>
    <ClInclude Include="include\mf_merge_transform.h">
      <Filter>Header Files</Filter>
    </ClInclude>
    <ClInclude Include="..\..\base\include\mf_attributes.h">
      <Filter>mf</Filter>
    </ClInclude>
    <ClInclude Include="..\..\base\include\mf_clsid.h">
      <Filter>mf</Filter>
    </ClInclude>
  </ItemGroup>
  <ItemGroup>
    <ClCompile Include="source\mf_class_factory.cpp">
      <Filter>Source Files</Filter>
    </ClCompile>
    <ClCompile Include="source\mf_merge_transform_activate.cpp">
      <Filter>Source Files</Filter>
    </ClCompile>
    <ClCompile Include="source\mf_merge_transform.cpp">
      <Filter>Source Files</Filter>
    </ClCompile>
    <ClCompile Include="source\main.cpp">
      <Filter>Source Files</Filter>
    </ClCompile>
  </ItemGroup>
  <ItemGroup>
    <None Include="source\mf_merge_transform.def">
      <Filter>Source Files</Filter>
    </None>
  </ItemGroup>
</Project>