<?xml version="1.0" encoding="utf-8"?>
<Project ToolsVersion="4.0" xmlns="http://schemas.microsoft.com/developer/msbuild/2003">
  <ItemGroup>
    <Filter Include="Source Files">
      <UniqueIdentifier>{4FC737F1-C7A5-4376-A066-2A32D752A2FF}</UniqueIdentifier>
      <Extensions>cpp;c;cc;cxx;c++;def;odl;idl;hpj;bat;asm;asmx</Extensions>
    </Filter>
    <Filter Include="Header Files">
      <UniqueIdentifier>{93995380-89BD-4b04-88EB-625FBE52EBFB}</UniqueIdentifier>
      <Extensions>h;hh;hpp;hxx;h++;hm;inl;inc;ipp;xsd</Extensions>
    </Filter>
    <Filter Include="Resource Files">
      <UniqueIdentifier>{67DA6AB6-F800-4c08-8B7A-83BB121AAD01}</UniqueIdentifier>
      <Extensions>rc;ico;cur;bmp;dlg;rc2;rct;bin;rgs;gif;jpg;jpeg;jpe;resx;tiff;tif;png;wav;mfcribbon-ms</Extensions>
    </Filter>
    <Filter Include="colorspace">
      <UniqueIdentifier>{c7881327-5244-4c18-873d-19c1842d9cb5}</UniqueIdentifier>
    </Filter>
    <Filter Include="resize">
      <UniqueIdentifier>{6ced553e-0039-49f3-9397-57524921d824}</UniqueIdentifier>
    </Filter>
  </ItemGroup>
  <ItemGroup>
    <ClInclude Include="colorspace\colorspace_converter.h">
      <Filter>colorspace</Filter>
    </ClInclude>
    <ClInclude Include="resize\resizer.h">
      <Filter>resize</Filter>
    </ClInclude>
    <ClInclude Include="include\sld_nvdecoder.h">
      <Filter>Header Files</Filter>
    </ClInclude>
    <ClInclude Include="include\nvdecoder.h">
      <Filter>Header Files</Filter>
    </ClInclude>
  </ItemGroup>
  <ItemGroup>
    <ClCompile Include="source\sld_nvdecoder.cpp">
      <Filter>Source Files</Filter>
    </ClCompile>
    <ClCompile Include="source\nvdecoder.cpp">
      <Filter>Source Files</Filter>
    </ClCompile>
  </ItemGroup>
  <ItemGroup>
    <CudaCompile Include="colorspace\colorspace_converter.cu">
      <Filter>colorspace</Filter>
    </CudaCompile>
    <CudaCompile Include="resize\resizer.cu">
      <Filter>resize</Filter>
    </CudaCompile>
  </ItemGroup>
</Project>