
Microsoft Visual Studio Solution File, Format Version 12.00
# Visual Studio Version 16
VisualStudioVersion = 16.0.29519.87
MinimumVisualStudioVersion = 10.0.40219.1
Project("{2150E333-8FDC-42A3-9474-1A3956D46DE8}") = "lib", "lib", "{91DAC6AE-C64F-43E7-A141-97A9DDBE739E}"
EndProject
Project("{2150E333-8FDC-42A3-9474-1A3956D46DE8}") = "app", "app", "{6E58CDFE-A5F9-423B-8AF8-D4B291A70E45}"
EndProject
Project("{2150E333-8FDC-42A3-9474-1A3956D46DE8}") = "mf", "mf", "{E6B16570-0691-4585-BDC7-EB3823C71327}"
EndProject
Project("{2150E333-8FDC-42A3-9474-1A3956D46DE8}") = "source", "source", "{049C4A8C-EE2A-4CAD-B78E-BBB6922E9F96}"
EndProject
Project("{8BC9CEB8-8B4A-11D0-8D11-00A0C91BC942}") = "MFRTSPSource", "lib\mf\source\rtsp\MFRTSPSource.vcxproj", "{C59741C7-4107-45BE-A44D-039B27773EC0}"
EndProject
Project("{2150E333-8FDC-42A3-9474-1A3956D46DE8}") = "rtsp", "rtsp", "{6E92400B-B5E0-41BE-AF98-88AEC7712714}"
EndProject
Project("{2150E333-8FDC-42A3-9474-1A3956D46DE8}") = "net", "net", "{F42603E4-772F-4D25-9BD4-AC0026237926}"
EndProject
Project("{2150E333-8FDC-42A3-9474-1A3956D46DE8}") = "rtsp", "rtsp", "{476E9B15-85C9-4F2C-A064-65A82CA65DF2}"
EndProject
Project("{2150E333-8FDC-42A3-9474-1A3956D46DE8}") = "ff", "ff", "{D161A057-867D-40D0-8504-5B27A17C1932}"
EndProject
Project("{8BC9CEB8-8B4A-11D0-8D11-00A0C91BC942}") = "FFRTSPClient", "lib\net\rtsp\ff\client\FFRTSPClient.vcxproj", "{CC847612-78E1-4F53-8C2F-77C62E20A831}"
EndProject
Project("{2150E333-8FDC-42A3-9474-1A3956D46DE8}") = "transform", "transform", "{2CF8BC65-DB5E-45EE-90CA-3BDD6A96C225}"
EndProject
Project("{2150E333-8FDC-42A3-9474-1A3956D46DE8}") = "sink", "sink", "{A778B20B-7061-4F81-B7F1-FB19562071F2}"
EndProject
Project("{2150E333-8FDC-42A3-9474-1A3956D46DE8}") = "control", "control", "{FCDDA229-F37E-424A-9B5F-A031686F3519}"
EndProject
Project("{8BC9CEB8-8B4A-11D0-8D11-00A0C91BC942}") = "MFPlainController", "lib\mf\control\plain\MFPlainController.vcxproj", "{18C1BCCD-8A63-4FBE-8B3C-EEB8377D7E4D}"
EndProject
Project("{2150E333-8FDC-42A3-9474-1A3956D46DE8}") = "merge", "merge", "{31DC973C-478A-432C-9F45-E652415C5F92}"
EndProject
Project("{8BC9CEB8-8B4A-11D0-8D11-00A0C91BC942}") = "MFMergeTransform", "lib\mf\transform\merge\EMMergeTransform.vcxproj", "{930F7E3B-48C8-4F9D-AB81-641D33932A53}"
EndProject
Project("{2150E333-8FDC-42A3-9474-1A3956D46DE8}") = "video", "video", "{27711D7C-5C83-416F-ACA8-C78ED7054387}"
EndProject
Project("{8BC9CEB8-8B4A-11D0-8D11-00A0C91BC942}") = "MFMultiViewRenderer", "lib\mf\sink\video\multiview\MFMultiViewRenderer.vcxproj", "{582E08B9-797E-44C5-8187-A58908D2005F}"
EndProject
Project("{2150E333-8FDC-42A3-9474-1A3956D46DE8}") = "video", "video", "{6E82A4D9-87C5-45CA-964A-3A25629FB5DF}"
EndProject
Project("{2150E333-8FDC-42A3-9474-1A3956D46DE8}") = "sink", "sink", "{5914CCCE-772B-496E-A63F-7CE5D93B8C5F}"
EndProject
Project("{2150E333-8FDC-42A3-9474-1A3956D46DE8}") = "d3d11", "d3d11", "{591ABA95-7298-4412-817D-BE26E2408570}"
EndProject
Project("{8BC9CEB8-8B4A-11D0-8D11-00A0C91BC942}") = "MultiViewRenderer", "lib\video\sink\d3d11\multiview\renderer\MultiViewRenderer.vcxproj", "{59ACBCB9-094A-4557-96E5-AB2071951196}"
EndProject
Project("{8BC9CEB8-8B4A-11D0-8D11-00A0C91BC942}") = "RTSPClient", "lib\net\rtsp\client\RTSPClient.vcxproj", "{3B273B72-A8A2-40BC-854C-85B0C54E2BB6}"
EndProject
Project("{8BC9CEB8-8B4A-11D0-8D11-00A0C91BC942}") = "MFD3D11Renderer", "lib\mf\sink\video\plain\MFD3D11Renderer.vcxproj", "{1AAA17F1-A21C-4B5A-B7F5-8A654DC79F01}"
EndProject
Project("{8BC9CEB8-8B4A-11D0-8D11-00A0C91BC942}") = "D3D11Renderer", "lib\video\sink\d3d11\plain\renderer\D3D11Renderer.vcxproj", "{7B31E811-489C-4E15-B560-967A7F84307F}"
EndProject
Project("{8BC9CEB8-8B4A-11D0-8D11-00A0C91BC942}") = "Solids", "apps\SLDPlayer\SLDPlayer.vcxproj", "{0A891D12-96C8-4DB5-B231-76DE9BFB6CCD}"
EndProject
Project("{2150E333-8FDC-42A3-9474-1A3956D46DE8}") = "bitstream", "bitstream", "{0DDA92C6-E037-4257-B9C8-A222EAEA2594}"
EndProject
Project("{8BC9CEB8-8B4A-11D0-8D11-00A0C91BC942}") = "H2645BitstreamParser", "lib\video\bitstream\H2645BitstreamParser.vcxproj", "{E01F4E9B-17C7-40A5-A7C4-B003F19CF169}"
EndProject
Project("{8BC9CEB8-8B4A-11D0-8D11-00A0C91BC942}") = "base", "lib\video\sink\d3d11\base\base.vcxproj", "{67C5CF69-964F-453B-950F-CA528924377A}"
EndProject
Project("{2150E333-8FDC-42A3-9474-1A3956D46DE8}") = "misc", "misc", "{E9B9A3CA-7A58-4551-884A-AA6F3F0F135F}"
EndProject
Project("{2150E333-8FDC-42A3-9474-1A3956D46DE8}") = "threadpool", "threadpool", "{A28AEAB5-E79F-4434-90EE-B23944D3B7FC}"
EndProject
Project("{8BC9CEB8-8B4A-11D0-8D11-00A0C91BC942}") = "ThreadPoolManager", "lib\misc\threadpool\manager\ThreadPoolManager.vcxproj", "{78504568-4CAE-467A-BDF6-8176660B3D87}"
EndProject
Project("{2150E333-8FDC-42A3-9474-1A3956D46DE8}") = "nvidia", "nvidia", "{58293E70-FA6B-4F1C-B501-CCDED161AA53}"
EndProject
Project("{8BC9CEB8-8B4A-11D0-8D11-00A0C91BC942}") = "NVRenderer", "lib\video\nvidia\renderer\nvrenderer.vcxproj", "{0DF2107C-822B-4AA8-B714-8BE5353A8306}"
EndProject
Project("{8BC9CEB8-8B4A-11D0-8D11-00A0C91BC942}") = "NVDecoder", "lib\video\nvidia\decoder\nvdecoder.vcxproj", "{301E0AC3-17E2-479F-AEBB-6589871033E9}"
EndProject
Project("{8BC9CEB8-8B4A-11D0-8D11-00A0C91BC942}") = "NVPoseEstimator", "lib\video\nvidia\pose\estimator\nvposeestimator.vcxproj", "{72573444-33F4-4161-9110-2DECE6D13BE7}"
EndProject
Project("{8BC9CEB8-8B4A-11D0-8D11-00A0C91BC942}") = "PETest", "apps\PETest\PETest.vcxproj", "{5CBA76DC-3B8E-41FB-B717-FDA511EC3875}"
EndProject
Project("{2150E333-8FDC-42A3-9474-1A3956D46DE8}") = "container", "container", "{E3477C67-642E-4D04-8B58-D30E82BFEEE2}"
EndProject
Project("{8BC9CEB8-8B4A-11D0-8D11-00A0C91BC942}") = "FFDemuxer", "lib\container\ff\demuxer\FFDemuxer.vcxproj", "{490667AA-0959-49CC-9836-D6EEE2722B0D}"
EndProject
Project("{8BC9CEB8-8B4A-11D0-8D11-00A0C91BC942}") = "NVPlayerDetector", "lib\video\nvidia\player\detector\nvplayerdetector.vcxproj", "{7CF3BC48-2EE9-4693-97E0-71E05C0A8F55}"
EndProject
Global
	GlobalSection(SolutionConfigurationPlatforms) = preSolution
		Debug|x64 = Debug|x64
		Debug|x86 = Debug|x86
		Release|x64 = Release|x64
		Release|x86 = Release|x86
	EndGlobalSection
	GlobalSection(ProjectConfigurationPlatforms) = postSolution
		{C59741C7-4107-45BE-A44D-039B27773EC0}.Debug|x64.ActiveCfg = Debug|x64
		{C59741C7-4107-45BE-A44D-039B27773EC0}.Debug|x64.Build.0 = Debug|x64
		{C59741C7-4107-45BE-A44D-039B27773EC0}.Debug|x86.ActiveCfg = Debug|Win32
		{C59741C7-4107-45BE-A44D-039B27773EC0}.Debug|x86.Build.0 = Debug|Win32
		{C59741C7-4107-45BE-A44D-039B27773EC0}.Release|x64.ActiveCfg = Release|x64
		{C59741C7-4107-45BE-A44D-039B27773EC0}.Release|x64.Build.0 = Release|x64
		{C59741C7-4107-45BE-A44D-039B27773EC0}.Release|x86.ActiveCfg = Release|Win32
		{C59741C7-4107-45BE-A44D-039B27773EC0}.Release|x86.Build.0 = Release|Win32
		{CC847612-78E1-4F53-8C2F-77C62E20A831}.Debug|x64.ActiveCfg = Debug|x64
		{CC847612-78E1-4F53-8C2F-77C62E20A831}.Debug|x64.Build.0 = Debug|x64
		{CC847612-78E1-4F53-8C2F-77C62E20A831}.Debug|x86.ActiveCfg = Debug|Win32
		{CC847612-78E1-4F53-8C2F-77C62E20A831}.Debug|x86.Build.0 = Debug|Win32
		{CC847612-78E1-4F53-8C2F-77C62E20A831}.Release|x64.ActiveCfg = Release|x64
		{CC847612-78E1-4F53-8C2F-77C62E20A831}.Release|x64.Build.0 = Release|x64
		{CC847612-78E1-4F53-8C2F-77C62E20A831}.Release|x86.ActiveCfg = Release|Win32
		{CC847612-78E1-4F53-8C2F-77C62E20A831}.Release|x86.Build.0 = Release|Win32
		{18C1BCCD-8A63-4FBE-8B3C-EEB8377D7E4D}.Debug|x64.ActiveCfg = Debug|x64
		{18C1BCCD-8A63-4FBE-8B3C-EEB8377D7E4D}.Debug|x64.Build.0 = Debug|x64
		{18C1BCCD-8A63-4FBE-8B3C-EEB8377D7E4D}.Debug|x86.ActiveCfg = Debug|Win32
		{18C1BCCD-8A63-4FBE-8B3C-EEB8377D7E4D}.Debug|x86.Build.0 = Debug|Win32
		{18C1BCCD-8A63-4FBE-8B3C-EEB8377D7E4D}.Release|x64.ActiveCfg = Release|x64
		{18C1BCCD-8A63-4FBE-8B3C-EEB8377D7E4D}.Release|x64.Build.0 = Release|x64
		{18C1BCCD-8A63-4FBE-8B3C-EEB8377D7E4D}.Release|x86.ActiveCfg = Release|Win32
		{18C1BCCD-8A63-4FBE-8B3C-EEB8377D7E4D}.Release|x86.Build.0 = Release|Win32
		{930F7E3B-48C8-4F9D-AB81-641D33932A53}.Debug|x64.ActiveCfg = Debug|x64
		{930F7E3B-48C8-4F9D-AB81-641D33932A53}.Debug|x64.Build.0 = Debug|x64
		{930F7E3B-48C8-4F9D-AB81-641D33932A53}.Debug|x86.ActiveCfg = Debug|Win32
		{930F7E3B-48C8-4F9D-AB81-641D33932A53}.Debug|x86.Build.0 = Debug|Win32
		{930F7E3B-48C8-4F9D-AB81-641D33932A53}.Release|x64.ActiveCfg = Release|x64
		{930F7E3B-48C8-4F9D-AB81-641D33932A53}.Release|x64.Build.0 = Release|x64
		{930F7E3B-48C8-4F9D-AB81-641D33932A53}.Release|x86.ActiveCfg = Release|Win32
		{930F7E3B-48C8-4F9D-AB81-641D33932A53}.Release|x86.Build.0 = Release|Win32
		{582E08B9-797E-44C5-8187-A58908D2005F}.Debug|x64.ActiveCfg = Debug|x64
		{582E08B9-797E-44C5-8187-A58908D2005F}.Debug|x64.Build.0 = Debug|x64
		{582E08B9-797E-44C5-8187-A58908D2005F}.Debug|x86.ActiveCfg = Debug|Win32
		{582E08B9-797E-44C5-8187-A58908D2005F}.Debug|x86.Build.0 = Debug|Win32
		{582E08B9-797E-44C5-8187-A58908D2005F}.Release|x64.ActiveCfg = Release|x64
		{582E08B9-797E-44C5-8187-A58908D2005F}.Release|x64.Build.0 = Release|x64
		{582E08B9-797E-44C5-8187-A58908D2005F}.Release|x86.ActiveCfg = Release|Win32
		{582E08B9-797E-44C5-8187-A58908D2005F}.Release|x86.Build.0 = Release|Win32
		{59ACBCB9-094A-4557-96E5-AB2071951196}.Debug|x64.ActiveCfg = Debug|x64
		{59ACBCB9-094A-4557-96E5-AB2071951196}.Debug|x64.Build.0 = Debug|x64
		{59ACBCB9-094A-4557-96E5-AB2071951196}.Debug|x86.ActiveCfg = Debug|Win32
		{59ACBCB9-094A-4557-96E5-AB2071951196}.Debug|x86.Build.0 = Debug|Win32
		{59ACBCB9-094A-4557-96E5-AB2071951196}.Release|x64.ActiveCfg = Release|x64
		{59ACBCB9-094A-4557-96E5-AB2071951196}.Release|x64.Build.0 = Release|x64
		{59ACBCB9-094A-4557-96E5-AB2071951196}.Release|x86.ActiveCfg = Release|Win32
		{59ACBCB9-094A-4557-96E5-AB2071951196}.Release|x86.Build.0 = Release|Win32
		{3B273B72-A8A2-40BC-854C-85B0C54E2BB6}.Debug|x64.ActiveCfg = Debug|x64
		{3B273B72-A8A2-40BC-854C-85B0C54E2BB6}.Debug|x64.Build.0 = Debug|x64
		{3B273B72-A8A2-40BC-854C-85B0C54E2BB6}.Debug|x86.ActiveCfg = Debug|Win32
		{3B273B72-A8A2-40BC-854C-85B0C54E2BB6}.Debug|x86.Build.0 = Debug|Win32
		{3B273B72-A8A2-40BC-854C-85B0C54E2BB6}.Release|x64.ActiveCfg = Release|x64
		{3B273B72-A8A2-40BC-854C-85B0C54E2BB6}.Release|x64.Build.0 = Release|x64
		{3B273B72-A8A2-40BC-854C-85B0C54E2BB6}.Release|x86.ActiveCfg = Release|Win32
		{3B273B72-A8A2-40BC-854C-85B0C54E2BB6}.Release|x86.Build.0 = Release|Win32
		{1AAA17F1-A21C-4B5A-B7F5-8A654DC79F01}.Debug|x64.ActiveCfg = Debug|x64
		{1AAA17F1-A21C-4B5A-B7F5-8A654DC79F01}.Debug|x64.Build.0 = Debug|x64
		{1AAA17F1-A21C-4B5A-B7F5-8A654DC79F01}.Debug|x86.ActiveCfg = Debug|Win32
		{1AAA17F1-A21C-4B5A-B7F5-8A654DC79F01}.Debug|x86.Build.0 = Debug|Win32
		{1AAA17F1-A21C-4B5A-B7F5-8A654DC79F01}.Release|x64.ActiveCfg = Release|x64
		{1AAA17F1-A21C-4B5A-B7F5-8A654DC79F01}.Release|x64.Build.0 = Release|x64
		{1AAA17F1-A21C-4B5A-B7F5-8A654DC79F01}.Release|x86.ActiveCfg = Release|Win32
		{1AAA17F1-A21C-4B5A-B7F5-8A654DC79F01}.Release|x86.Build.0 = Release|Win32
		{7B31E811-489C-4E15-B560-967A7F84307F}.Debug|x64.ActiveCfg = Debug|x64
		{7B31E811-489C-4E15-B560-967A7F84307F}.Debug|x64.Build.0 = Debug|x64
		{7B31E811-489C-4E15-B560-967A7F84307F}.Debug|x86.ActiveCfg = Debug|Win32
		{7B31E811-489C-4E15-B560-967A7F84307F}.Debug|x86.Build.0 = Debug|Win32
		{7B31E811-489C-4E15-B560-967A7F84307F}.Release|x64.ActiveCfg = Release|x64
		{7B31E811-489C-4E15-B560-967A7F84307F}.Release|x64.Build.0 = Release|x64
		{7B31E811-489C-4E15-B560-967A7F84307F}.Release|x86.ActiveCfg = Release|Win32
		{7B31E811-489C-4E15-B560-967A7F84307F}.Release|x86.Build.0 = Release|Win32
		{0A891D12-96C8-4DB5-B231-76DE9BFB6CCD}.Debug|x64.ActiveCfg = Debug|x64
		{0A891D12-96C8-4DB5-B231-76DE9BFB6CCD}.Debug|x64.Build.0 = Debug|x64
		{0A891D12-96C8-4DB5-B231-76DE9BFB6CCD}.Debug|x86.ActiveCfg = Debug|Win32
		{0A891D12-96C8-4DB5-B231-76DE9BFB6CCD}.Debug|x86.Build.0 = Debug|Win32
		{0A891D12-96C8-4DB5-B231-76DE9BFB6CCD}.Release|x64.ActiveCfg = Release|x64
		{0A891D12-96C8-4DB5-B231-76DE9BFB6CCD}.Release|x64.Build.0 = Release|x64
		{0A891D12-96C8-4DB5-B231-76DE9BFB6CCD}.Release|x86.ActiveCfg = Release|Win32
		{0A891D12-96C8-4DB5-B231-76DE9BFB6CCD}.Release|x86.Build.0 = Release|Win32
		{E01F4E9B-17C7-40A5-A7C4-B003F19CF169}.Debug|x64.ActiveCfg = Debug|x64
		{E01F4E9B-17C7-40A5-A7C4-B003F19CF169}.Debug|x64.Build.0 = Debug|x64
		{E01F4E9B-17C7-40A5-A7C4-B003F19CF169}.Debug|x86.ActiveCfg = Debug|Win32
		{E01F4E9B-17C7-40A5-A7C4-B003F19CF169}.Debug|x86.Build.0 = Debug|Win32
		{E01F4E9B-17C7-40A5-A7C4-B003F19CF169}.Release|x64.ActiveCfg = Release|x64
		{E01F4E9B-17C7-40A5-A7C4-B003F19CF169}.Release|x64.Build.0 = Release|x64
		{E01F4E9B-17C7-40A5-A7C4-B003F19CF169}.Release|x86.ActiveCfg = Release|Win32
		{E01F4E9B-17C7-40A5-A7C4-B003F19CF169}.Release|x86.Build.0 = Release|Win32
		{67C5CF69-964F-453B-950F-CA528924377A}.Debug|x64.ActiveCfg = Debug|x64
		{67C5CF69-964F-453B-950F-CA528924377A}.Debug|x64.Build.0 = Debug|x64
		{67C5CF69-964F-453B-950F-CA528924377A}.Debug|x86.ActiveCfg = Debug|Win32
		{67C5CF69-964F-453B-950F-CA528924377A}.Debug|x86.Build.0 = Debug|Win32
		{67C5CF69-964F-453B-950F-CA528924377A}.Release|x64.ActiveCfg = Release|x64
		{67C5CF69-964F-453B-950F-CA528924377A}.Release|x64.Build.0 = Release|x64
		{67C5CF69-964F-453B-950F-CA528924377A}.Release|x86.ActiveCfg = Release|Win32
		{67C5CF69-964F-453B-950F-CA528924377A}.Release|x86.Build.0 = Release|Win32
		{78504568-4CAE-467A-BDF6-8176660B3D87}.Debug|x64.ActiveCfg = Debug|x64
		{78504568-4CAE-467A-BDF6-8176660B3D87}.Debug|x64.Build.0 = Debug|x64
		{78504568-4CAE-467A-BDF6-8176660B3D87}.Debug|x86.ActiveCfg = Debug|Win32
		{78504568-4CAE-467A-BDF6-8176660B3D87}.Debug|x86.Build.0 = Debug|Win32
		{78504568-4CAE-467A-BDF6-8176660B3D87}.Release|x64.ActiveCfg = Release|x64
		{78504568-4CAE-467A-BDF6-8176660B3D87}.Release|x64.Build.0 = Release|x64
		{78504568-4CAE-467A-BDF6-8176660B3D87}.Release|x86.ActiveCfg = Release|Win32
		{78504568-4CAE-467A-BDF6-8176660B3D87}.Release|x86.Build.0 = Release|Win32
		{0DF2107C-822B-4AA8-B714-8BE5353A8306}.Debug|x64.ActiveCfg = Debug|x64
		{0DF2107C-822B-4AA8-B714-8BE5353A8306}.Debug|x64.Build.0 = Debug|x64
		{0DF2107C-822B-4AA8-B714-8BE5353A8306}.Debug|x86.ActiveCfg = Debug|Win32
		{0DF2107C-822B-4AA8-B714-8BE5353A8306}.Debug|x86.Build.0 = Debug|Win32
		{0DF2107C-822B-4AA8-B714-8BE5353A8306}.Release|x64.ActiveCfg = Release|x64
		{0DF2107C-822B-4AA8-B714-8BE5353A8306}.Release|x64.Build.0 = Release|x64
		{0DF2107C-822B-4AA8-B714-8BE5353A8306}.Release|x86.ActiveCfg = Release|Win32
		{0DF2107C-822B-4AA8-B714-8BE5353A8306}.Release|x86.Build.0 = Release|Win32
		{301E0AC3-17E2-479F-AEBB-6589871033E9}.Debug|x64.ActiveCfg = Debug|x64
		{301E0AC3-17E2-479F-AEBB-6589871033E9}.Debug|x64.Build.0 = Debug|x64
		{301E0AC3-17E2-479F-AEBB-6589871033E9}.Debug|x86.ActiveCfg = Debug|Win32
		{301E0AC3-17E2-479F-AEBB-6589871033E9}.Debug|x86.Build.0 = Debug|Win32
		{301E0AC3-17E2-479F-AEBB-6589871033E9}.Release|x64.ActiveCfg = Release|x64
		{301E0AC3-17E2-479F-AEBB-6589871033E9}.Release|x64.Build.0 = Release|x64
		{301E0AC3-17E2-479F-AEBB-6589871033E9}.Release|x86.ActiveCfg = Release|Win32
		{301E0AC3-17E2-479F-AEBB-6589871033E9}.Release|x86.Build.0 = Release|Win32
		{72573444-33F4-4161-9110-2DECE6D13BE7}.Debug|x64.ActiveCfg = Debug|x64
		{72573444-33F4-4161-9110-2DECE6D13BE7}.Debug|x64.Build.0 = Debug|x64
		{72573444-33F4-4161-9110-2DECE6D13BE7}.Debug|x86.ActiveCfg = Debug|Win32
		{72573444-33F4-4161-9110-2DECE6D13BE7}.Debug|x86.Build.0 = Debug|Win32
		{72573444-33F4-4161-9110-2DECE6D13BE7}.Release|x64.ActiveCfg = Release|x64
		{72573444-33F4-4161-9110-2DECE6D13BE7}.Release|x64.Build.0 = Release|x64
		{72573444-33F4-4161-9110-2DECE6D13BE7}.Release|x86.ActiveCfg = Release|Win32
		{72573444-33F4-4161-9110-2DECE6D13BE7}.Release|x86.Build.0 = Release|Win32
		{5CBA76DC-3B8E-41FB-B717-FDA511EC3875}.Debug|x64.ActiveCfg = Debug|x64
		{5CBA76DC-3B8E-41FB-B717-FDA511EC3875}.Debug|x64.Build.0 = Debug|x64
		{5CBA76DC-3B8E-41FB-B717-FDA511EC3875}.Debug|x86.ActiveCfg = Debug|Win32
		{5CBA76DC-3B8E-41FB-B717-FDA511EC3875}.Debug|x86.Build.0 = Debug|Win32
		{5CBA76DC-3B8E-41FB-B717-FDA511EC3875}.Release|x64.ActiveCfg = Release|x64
		{5CBA76DC-3B8E-41FB-B717-FDA511EC3875}.Release|x64.Build.0 = Release|x64
		{5CBA76DC-3B8E-41FB-B717-FDA511EC3875}.Release|x86.ActiveCfg = Release|Win32
		{5CBA76DC-3B8E-41FB-B717-FDA511EC3875}.Release|x86.Build.0 = Release|Win32
		{490667AA-0959-49CC-9836-D6EEE2722B0D}.Debug|x64.ActiveCfg = Debug|x64
		{490667AA-0959-49CC-9836-D6EEE2722B0D}.Debug|x64.Build.0 = Debug|x64
		{490667AA-0959-49CC-9836-D6EEE2722B0D}.Debug|x86.ActiveCfg = Debug|Win32
		{490667AA-0959-49CC-9836-D6EEE2722B0D}.Debug|x86.Build.0 = Debug|Win32
		{490667AA-0959-49CC-9836-D6EEE2722B0D}.Release|x64.ActiveCfg = Release|x64
		{490667AA-0959-49CC-9836-D6EEE2722B0D}.Release|x64.Build.0 = Release|x64
		{490667AA-0959-49CC-9836-D6EEE2722B0D}.Release|x86.ActiveCfg = Release|Win32
		{490667AA-0959-49CC-9836-D6EEE2722B0D}.Release|x86.Build.0 = Release|Win32
		{7CF3BC48-2EE9-4693-97E0-71E05C0A8F55}.Debug|x64.ActiveCfg = Debug|x64
		{7CF3BC48-2EE9-4693-97E0-71E05C0A8F55}.Debug|x64.Build.0 = Debug|x64
		{7CF3BC48-2EE9-4693-97E0-71E05C0A8F55}.Debug|x86.ActiveCfg = Debug|Win32
		{7CF3BC48-2EE9-4693-97E0-71E05C0A8F55}.Debug|x86.Build.0 = Debug|Win32
		{7CF3BC48-2EE9-4693-97E0-71E05C0A8F55}.Release|x64.ActiveCfg = Release|x64
		{7CF3BC48-2EE9-4693-97E0-71E05C0A8F55}.Release|x64.Build.0 = Release|x64
		{7CF3BC48-2EE9-4693-97E0-71E05C0A8F55}.Release|x86.ActiveCfg = Release|Win32
		{7CF3BC48-2EE9-4693-97E0-71E05C0A8F55}.Release|x86.Build.0 = Release|Win32
	EndGlobalSection
	GlobalSection(SolutionProperties) = preSolution
		HideSolutionNode = FALSE
	EndGlobalSection
	GlobalSection(NestedProjects) = preSolution
		{E6B16570-0691-4585-BDC7-EB3823C71327} = {91DAC6AE-C64F-43E7-A141-97A9DDBE739E}
		{049C4A8C-EE2A-4CAD-B78E-BBB6922E9F96} = {E6B16570-0691-4585-BDC7-EB3823C71327}
		{C59741C7-4107-45BE-A44D-039B27773EC0} = {6E92400B-B5E0-41BE-AF98-88AEC7712714}
		{6E92400B-B5E0-41BE-AF98-88AEC7712714} = {049C4A8C-EE2A-4CAD-B78E-BBB6922E9F96}
		{F42603E4-772F-4D25-9BD4-AC0026237926} = {91DAC6AE-C64F-43E7-A141-97A9DDBE739E}
		{476E9B15-85C9-4F2C-A064-65A82CA65DF2} = {F42603E4-772F-4D25-9BD4-AC0026237926}
		{D161A057-867D-40D0-8504-5B27A17C1932} = {476E9B15-85C9-4F2C-A064-65A82CA65DF2}
		{CC847612-78E1-4F53-8C2F-77C62E20A831} = {D161A057-867D-40D0-8504-5B27A17C1932}
		{2CF8BC65-DB5E-45EE-90CA-3BDD6A96C225} = {E6B16570-0691-4585-BDC7-EB3823C71327}
		{A778B20B-7061-4F81-B7F1-FB19562071F2} = {E6B16570-0691-4585-BDC7-EB3823C71327}
		{FCDDA229-F37E-424A-9B5F-A031686F3519} = {E6B16570-0691-4585-BDC7-EB3823C71327}
		{18C1BCCD-8A63-4FBE-8B3C-EEB8377D7E4D} = {FCDDA229-F37E-424A-9B5F-A031686F3519}
		{31DC973C-478A-432C-9F45-E652415C5F92} = {2CF8BC65-DB5E-45EE-90CA-3BDD6A96C225}
		{930F7E3B-48C8-4F9D-AB81-641D33932A53} = {31DC973C-478A-432C-9F45-E652415C5F92}
		{27711D7C-5C83-416F-ACA8-C78ED7054387} = {A778B20B-7061-4F81-B7F1-FB19562071F2}
		{582E08B9-797E-44C5-8187-A58908D2005F} = {27711D7C-5C83-416F-ACA8-C78ED7054387}
		{6E82A4D9-87C5-45CA-964A-3A25629FB5DF} = {91DAC6AE-C64F-43E7-A141-97A9DDBE739E}
		{5914CCCE-772B-496E-A63F-7CE5D93B8C5F} = {6E82A4D9-87C5-45CA-964A-3A25629FB5DF}
		{591ABA95-7298-4412-817D-BE26E2408570} = {5914CCCE-772B-496E-A63F-7CE5D93B8C5F}
		{59ACBCB9-094A-4557-96E5-AB2071951196} = {591ABA95-7298-4412-817D-BE26E2408570}
		{3B273B72-A8A2-40BC-854C-85B0C54E2BB6} = {476E9B15-85C9-4F2C-A064-65A82CA65DF2}
		{1AAA17F1-A21C-4B5A-B7F5-8A654DC79F01} = {27711D7C-5C83-416F-ACA8-C78ED7054387}
		{7B31E811-489C-4E15-B560-967A7F84307F} = {591ABA95-7298-4412-817D-BE26E2408570}
		{0A891D12-96C8-4DB5-B231-76DE9BFB6CCD} = {6E58CDFE-A5F9-423B-8AF8-D4B291A70E45}
		{0DDA92C6-E037-4257-B9C8-A222EAEA2594} = {6E82A4D9-87C5-45CA-964A-3A25629FB5DF}
		{E01F4E9B-17C7-40A5-A7C4-B003F19CF169} = {0DDA92C6-E037-4257-B9C8-A222EAEA2594}
		{67C5CF69-964F-453B-950F-CA528924377A} = {591ABA95-7298-4412-817D-BE26E2408570}
		{E9B9A3CA-7A58-4551-884A-AA6F3F0F135F} = {91DAC6AE-C64F-43E7-A141-97A9DDBE739E}
		{A28AEAB5-E79F-4434-90EE-B23944D3B7FC} = {E9B9A3CA-7A58-4551-884A-AA6F3F0F135F}
		{78504568-4CAE-467A-BDF6-8176660B3D87} = {A28AEAB5-E79F-4434-90EE-B23944D3B7FC}
		{58293E70-FA6B-4F1C-B501-CCDED161AA53} = {6E82A4D9-87C5-45CA-964A-3A25629FB5DF}
		{0DF2107C-822B-4AA8-B714-8BE5353A8306} = {58293E70-FA6B-4F1C-B501-CCDED161AA53}
		{301E0AC3-17E2-479F-AEBB-6589871033E9} = {58293E70-FA6B-4F1C-B501-CCDED161AA53}
		{72573444-33F4-4161-9110-2DECE6D13BE7} = {58293E70-FA6B-4F1C-B501-CCDED161AA53}
		{5CBA76DC-3B8E-41FB-B717-FDA511EC3875} = {6E58CDFE-A5F9-423B-8AF8-D4B291A70E45}
		{E3477C67-642E-4D04-8B58-D30E82BFEEE2} = {91DAC6AE-C64F-43E7-A141-97A9DDBE739E}
		{490667AA-0959-49CC-9836-D6EEE2722B0D} = {E3477C67-642E-4D04-8B58-D30E82BFEEE2}
		{7CF3BC48-2EE9-4693-97E0-71E05C0A8F55} = {58293E70-FA6B-4F1C-B501-CCDED161AA53}
	EndGlobalSection
	GlobalSection(ExtensibilityGlobals) = postSolution
		SolutionGuid = {86E15B90-00AE-4A8A-8D98-FDE60C3E4FC7}
	EndGlobalSection
EndGlobal
