<?xml version="1.0" encoding="utf-8"?>
<Project ToolsVersion="4.0" xmlns="http://schemas.microsoft.com/developer/msbuild/2003">
  <ItemGroup>
    <Filter Include="Source Files">
      <UniqueIdentifier>{4FC737F1-C7A5-4376-A066-2A32D752A2FF}</UniqueIdentifier>
      <Extensions>cpp;c;cc;cxx;def;odl;idl;hpj;bat;asm;asmx</Extensions>
    </Filter>
    <Filter Include="Header Files">
      <UniqueIdentifier>{93995380-89BD-4b04-88EB-625FBE52EBFB}</UniqueIdentifier>
      <Extensions>h;hh;hpp;hxx;hm;inl;inc;ipp;xsd</Extensions>
    </Filter>
    <Filter Include="Resource Files">
      <UniqueIdentifier>{67DA6AB6-F800-4c08-8B7A-83BB121AAD01}</UniqueIdentifier>
      <Extensions>rc;ico;cur;bmp;dlg;rc2;rct;bin;rgs;gif;jpg;jpeg;jpe;resx;tiff;tif;png;wav;mfcribbon-ms</Extensions>
    </Filter>
    <Filter Include="mf">
      <UniqueIdentifier>{448f0e02-2211-44e6-aa0d-d408dc28253f}</UniqueIdentifier>
    </Filter>
    <Filter Include="sink">
      <UniqueIdentifier>{72456478-82b4-4d37-a74a-38f6cc5c5c3c}</UniqueIdentifier>
    </Filter>
  </ItemGroup>
  <ItemGroup>
    <ClInclude Include="include\mf_mv_activate.h">
      <Filter>Header Files</Filter>
    </ClInclude>
    <ClInclude Include="include\mf_mv_class_factory.h">
      <Filter>Header Files</Filter>
    </ClInclude>
    <ClInclude Include="include\mf_mv_media_sink.h">
      <Filter>Header Files</Filter>
    </ClInclude>
    <ClInclude Include="include\mf_mv_renderer.h">
      <Filter>Header Files</Filter>
    </ClInclude>
    <ClInclude Include="include\mf_mv_stream_sink.h">
      <Filter>Header Files</Filter>
    </ClInclude>
    <ClInclude Include="include\view_info_struct.h">
      <Filter>Header Files</Filter>
    </ClInclude>
    <ClInclude Include="..\..\..\base\include\mf_async_callback.h">
      <Filter>mf</Filter>
    </ClInclude>
    <ClInclude Include="..\..\..\base\include\mf_async_operation.h">
      <Filter>mf</Filter>
    </ClInclude>
    <ClInclude Include="..\..\..\base\include\mf_attributes.h">
      <Filter>mf</Filter>
    </ClInclude>
    <ClInclude Include="..\..\..\base\include\mf_base.h">
      <Filter>mf</Filter>
    </ClInclude>
    <ClInclude Include="..\..\..\base\include\mf_buffer.h">
      <Filter>mf</Filter>
    </ClInclude>
    <ClInclude Include="..\..\..\base\include\mf_clsid.h">
      <Filter>mf</Filter>
    </ClInclude>
    <ClInclude Include="..\..\..\base\include\mf_critical_section.h">
      <Filter>mf</Filter>
    </ClInclude>
    <ClInclude Include="..\..\..\base\include\mf_growable_array.h">
      <Filter>mf</Filter>
    </ClInclude>
    <ClInclude Include="..\..\..\base\include\mf_linked_list.h">
      <Filter>mf</Filter>
    </ClInclude>
    <ClInclude Include="..\..\..\base\include\mf_refcount_object.h">
      <Filter>mf</Filter>
    </ClInclude>
    <ClInclude Include="..\..\..\base\include\mf_registry.h">
      <Filter>mf</Filter>
    </ClInclude>
    <ClInclude Include="..\..\..\base\include\mf_tiny_map.h">
      <Filter>mf</Filter>
    </ClInclude>
    <ClInclude Include="..\..\..\base\include\mf_scheduler.h">
      <Filter>mf</Filter>
    </ClInclude>
    <ClInclude Include="..\..\base\include\mf_sink_async_operation.h">
      <Filter>sink</Filter>
    </ClInclude>
    <ClInclude Include="..\..\base\include\mf_video_display.h">
      <Filter>sink</Filter>
    </ClInclude>
    <ClInclude Include="..\..\..\base\include\mf_marker.h">
      <Filter>mf</Filter>
    </ClInclude>
    <ClInclude Include="..\..\..\base\include\mf_thread_safe_queue.h">
      <Filter>mf</Filter>
    </ClInclude>
  </ItemGroup>
  <ItemGroup>
    <ClCompile Include="source\dll_main.cpp">
      <Filter>Source Files</Filter>
    </ClCompile>
    <ClCompile Include="source\mf_mv_activate.cpp">
      <Filter>Source Files</Filter>
    </ClCompile>
    <ClCompile Include="source\mf_mv_class_factory.cpp">
      <Filter>Source Files</Filter>
    </ClCompile>
    <ClCompile Include="source\mf_mv_media_sink.cpp">
      <Filter>Source Files</Filter>
    </ClCompile>
    <ClCompile Include="source\mf_mv_renderer.cpp">
      <Filter>Source Files</Filter>
    </ClCompile>
    <ClCompile Include="source\mf_mv_stream_sink.cpp">
      <Filter>Source Files</Filter>
    </ClCompile>
    <ClCompile Include="..\..\base\source\mf_sink_async_operation.cpp">
      <Filter>sink</Filter>
    </ClCompile>
    <ClCompile Include="..\..\base\source\mf_video_display.cpp">
      <Filter>sink</Filter>
    </ClCompile>
  </ItemGroup>
  <ItemGroup>
    <None Include="source\mf_multiview_renderer.def">
      <Filter>Source Files</Filter>
    </None>
  </ItemGroup>
</Project>